// !$*UTF8*$!
{
	archiveVersion = 1;
	classes = {
	};
	objectVersion = 51;
	objects = {

/* Begin PBXBuildFile section */
		7D2D2D81254D854B006F100C /* AlertController.swift in Sources */ = {isa = PBXBuildFile; fileRef = 7D2D2D80254D854B006F100C /* AlertController.swift */; };
		7D2D2D83254D8939006F100C /* UIViewExtension.swift in Sources */ = {isa = PBXBuildFile; fileRef = 7D2D2D82254D8939006F100C /* UIViewExtension.swift */; };
		7D2D2D85254D8E40006F100C /* Models.swift in Sources */ = {isa = PBXBuildFile; fileRef = 7D2D2D84254D8E40006F100C /* Models.swift */; };
		7D2D2D8B254DBE79006F100C /* GoogleService-Info.plist in Resources */ = {isa = PBXBuildFile; fileRef = 7D2D2D8A254DBE79006F100C /* GoogleService-Info.plist */; };
		7DA84D95254D5F52008418CE /* AppDelegate.swift in Sources */ = {isa = PBXBuildFile; fileRef = 7DA84D94254D5F52008418CE /* AppDelegate.swift */; };
		7DA84D97254D5F52008418CE /* SceneDelegate.swift in Sources */ = {isa = PBXBuildFile; fileRef = 7DA84D96254D5F52008418CE /* SceneDelegate.swift */; };
		7DA84D99254D5F52008418CE /* ViewController.swift in Sources */ = {isa = PBXBuildFile; fileRef = 7DA84D98254D5F52008418CE /* ViewController.swift */; };
		7DA84D9C254D5F52008418CE /* Main.storyboard in Resources */ = {isa = PBXBuildFile; fileRef = 7DA84D9A254D5F52008418CE /* Main.storyboard */; };
		7DA84D9E254D5F57008418CE /* Assets.xcassets in Resources */ = {isa = PBXBuildFile; fileRef = 7DA84D9D254D5F57008418CE /* Assets.xcassets */; };
		7DA84DA1254D5F58008418CE /* LaunchScreen.storyboard in Resources */ = {isa = PBXBuildFile; fileRef = 7DA84D9F254D5F58008418CE /* LaunchScreen.storyboard */; };
		7DA84DA9254D5FA4008418CE /* UsersViewController.swift in Sources */ = {isa = PBXBuildFile; fileRef = 7DA84DA8254D5FA4008418CE /* UsersViewController.swift */; };
		7DA84DAB254D5FC8008418CE /* EnrollUserViewController.swift in Sources */ = {isa = PBXBuildFile; fileRef = 7DA84DAA254D5FC8008418CE /* EnrollUserViewController.swift */; };
		7DA84DAE254D613B008418CE /* UsersTableViewCell.swift in Sources */ = {isa = PBXBuildFile; fileRef = 7DA84DAD254D613B008418CE /* UsersTableViewCell.swift */; };
		7DF7292B254E7F86004F9CFC /* UIColorExtension.swift in Sources */ = {isa = PBXBuildFile; fileRef = 7DF7292A254E7F85004F9CFC /* UIColorExtension.swift */; };
		A164A0677EF7AE0ADB89F518 /* Pods_MyEnrollment.framework in Frameworks */ = {isa = PBXBuildFile; fileRef = 88BE27D8FA9C84F72C8C6C31 /* Pods_MyEnrollment.framework */; };
/* End PBXBuildFile section */

/* Begin PBXFileReference section */
		11A5F980D4C006A4457C582E /* Pods-MyEnrollment.debug.xcconfig */ = {isa = PBXFileReference; includeInIndex = 1; lastKnownFileType = text.xcconfig; name = "Pods-MyEnrollment.debug.xcconfig"; path = "Target Support Files/Pods-MyEnrollment/Pods-MyEnrollment.debug.xcconfig"; sourceTree = "<group>"; };
		7D2D2D80254D854B006F100C /* AlertController.swift */ = {isa = PBXFileReference; lastKnownFileType = sourcecode.swift; path = AlertController.swift; sourceTree = "<group>"; };
		7D2D2D82254D8939006F100C /* UIViewExtension.swift */ = {isa = PBXFileReference; lastKnownFileType = sourcecode.swift; path = UIViewExtension.swift; sourceTree = "<group>"; };
		7D2D2D84254D8E40006F100C /* Models.swift */ = {isa = PBXFileReference; lastKnownFileType = sourcecode.swift; path = Models.swift; sourceTree = "<group>"; };
		7D2D2D8A254DBE79006F100C /* GoogleService-Info.plist */ = {isa = PBXFileReference; fileEncoding = 4; lastKnownFileType = text.plist.xml; path = "GoogleService-Info.plist"; sourceTree = "<group>"; };
		7DA84D91254D5F52008418CE /* MyEnrollment.app */ = {isa = PBXFileReference; explicitFileType = wrapper.application; includeInIndex = 0; path = MyEnrollment.app; sourceTree = BUILT_PRODUCTS_DIR; };
		7DA84D94254D5F52008418CE /* AppDelegate.swift */ = {isa = PBXFileReference; lastKnownFileType = sourcecode.swift; path = AppDelegate.swift; sourceTree = "<group>"; };
		7DA84D96254D5F52008418CE /* SceneDelegate.swift */ = {isa = PBXFileReference; lastKnownFileType = sourcecode.swift; path = SceneDelegate.swift; sourceTree = "<group>"; };
		7DA84D98254D5F52008418CE /* ViewController.swift */ = {isa = PBXFileReference; lastKnownFileType = sourcecode.swift; path = ViewController.swift; sourceTree = "<group>"; };
		7DA84D9B254D5F52008418CE /* Base */ = {isa = PBXFileReference; lastKnownFileType = file.storyboard; name = Base; path = Base.lproj/Main.storyboard; sourceTree = "<group>"; };
		7DA84D9D254D5F57008418CE /* Assets.xcassets */ = {isa = PBXFileReference; lastKnownFileType = folder.assetcatalog; path = Assets.xcassets; sourceTree = "<group>"; };
		7DA84DA0254D5F58008418CE /* Base */ = {isa = PBXFileReference; lastKnownFileType = file.storyboard; name = Base; path = Base.lproj/LaunchScreen.storyboard; sourceTree = "<group>"; };
		7DA84DA2254D5F58008418CE /* Info.plist */ = {isa = PBXFileReference; lastKnownFileType = text.plist.xml; path = Info.plist; sourceTree = "<group>"; };
		7DA84DA8254D5FA4008418CE /* UsersViewController.swift */ = {isa = PBXFileReference; lastKnownFileType = sourcecode.swift; path = UsersViewController.swift; sourceTree = "<group>"; };
		7DA84DAA254D5FC8008418CE /* EnrollUserViewController.swift */ = {isa = PBXFileReference; lastKnownFileType = sourcecode.swift; path = EnrollUserViewController.swift; sourceTree = "<group>"; };
		7DA84DAD254D613B008418CE /* UsersTableViewCell.swift */ = {isa = PBXFileReference; lastKnownFileType = sourcecode.swift; path = UsersTableViewCell.swift; sourceTree = "<group>"; };
		7DF7292A254E7F85004F9CFC /* UIColorExtension.swift */ = {isa = PBXFileReference; lastKnownFileType = sourcecode.swift; path = UIColorExtension.swift; sourceTree = "<group>"; };
		88BE27D8FA9C84F72C8C6C31 /* Pods_MyEnrollment.framework */ = {isa = PBXFileReference; explicitFileType = wrapper.framework; includeInIndex = 0; path = Pods_MyEnrollment.framework; sourceTree = BUILT_PRODUCTS_DIR; };
		FDFC01C29DDD74060788E3D3 /* Pods-MyEnrollment.release.xcconfig */ = {isa = PBXFileReference; includeInIndex = 1; lastKnownFileType = text.xcconfig; name = "Pods-MyEnrollment.release.xcconfig"; path = "Target Support Files/Pods-MyEnrollment/Pods-MyEnrollment.release.xcconfig"; sourceTree = "<group>"; };
/* End PBXFileReference section */

/* Begin PBXFrameworksBuildPhase section */
		7DA84D8E254D5F52008418CE /* Frameworks */ = {
			isa = PBXFrameworksBuildPhase;
			buildActionMask = 2147483647;
			files = (
				A164A0677EF7AE0ADB89F518 /* Pods_MyEnrollment.framework in Frameworks */,
			);
			runOnlyForDeploymentPostprocessing = 0;
		};
/* End PBXFrameworksBuildPhase section */

/* Begin PBXGroup section */
		1A42E9DCCCDFADD581590A3B /* Frameworks */ = {
			isa = PBXGroup;
			children = (
				88BE27D8FA9C84F72C8C6C31 /* Pods_MyEnrollment.framework */,
			);
			name = Frameworks;
			sourceTree = "<group>";
		};
		74DE91A4FC526754FD7CDAB2 /* Pods */ = {
			isa = PBXGroup;
			children = (
				11A5F980D4C006A4457C582E /* Pods-MyEnrollment.debug.xcconfig */,
				FDFC01C29DDD74060788E3D3 /* Pods-MyEnrollment.release.xcconfig */,
			);
			path = Pods;
			sourceTree = "<group>";
		};
		7DA84D88254D5F52008418CE = {
			isa = PBXGroup;
			children = (
				7DA84D93254D5F52008418CE /* MyEnrollment */,
				7DA84D92254D5F52008418CE /* Products */,
				74DE91A4FC526754FD7CDAB2 /* Pods */,
				1A42E9DCCCDFADD581590A3B /* Frameworks */,
			);
			sourceTree = "<group>";
		};
		7DA84D92254D5F52008418CE /* Products */ = {
			isa = PBXGroup;
			children = (
				7DA84D91254D5F52008418CE /* MyEnrollment.app */,
			);
			name = Products;
			sourceTree = "<group>";
		};
		7DA84D93254D5F52008418CE /* MyEnrollment */ = {
			isa = PBXGroup;
			children = (
				7DA84D94254D5F52008418CE /* AppDelegate.swift */,
				7DA84D96254D5F52008418CE /* SceneDelegate.swift */,
				7DA84DB1254D617D008418CE /* VCs */,
				7DA84DAF254D6143008418CE /* AddEnroll */,
				7DA84DAC254D60E3008418CE /* User */,
				7DF7292E254E806F004F9CFC /* Model */,
				7DF7292D254E804E004F9CFC /* StoryBoard */,
				7DF7292C254E7FB2004F9CFC /* Extensions */,
				7D2D2D80254D854B006F100C /* AlertController.swift */,
				7DA84D9D254D5F57008418CE /* Assets.xcassets */,
				7DA84DA2254D5F58008418CE /* Info.plist */,
				7D2D2D8A254DBE79006F100C /* GoogleService-Info.plist */,
			);
			path = MyEnrollment;
			sourceTree = "<group>";
		};
		7DA84DAC254D60E3008418CE /* User */ = {
			isa = PBXGroup;
			children = (
				7DA84DA8254D5FA4008418CE /* UsersViewController.swift */,
				7DA84DB0254D6159008418CE /* Cell */,
			);
			path = User;
			sourceTree = "<group>";
		};
		7DA84DAF254D6143008418CE /* AddEnroll */ = {
			isa = PBXGroup;
			children = (
				7DA84DAA254D5FC8008418CE /* EnrollUserViewController.swift */,
			);
			path = AddEnroll;
			sourceTree = "<group>";
		};
		7DA84DB0254D6159008418CE /* Cell */ = {
			isa = PBXGroup;
			children = (
				7DA84DAD254D613B008418CE /* UsersTableViewCell.swift */,
			);
			path = Cell;
			sourceTree = "<group>";
		};
		7DA84DB1254D617D008418CE /* VCs */ = {
			isa = PBXGroup;
			children = (
				7DA84D98254D5F52008418CE /* ViewController.swift */,
			);
			path = VCs;
			sourceTree = "<group>";
		};
		7DF7292C254E7FB2004F9CFC /* Extensions */ = {
			isa = PBXGroup;
			children = (
				7DF7292A254E7F85004F9CFC /* UIColorExtension.swift */,
				7D2D2D82254D8939006F100C /* UIViewExtension.swift */,
			);
			path = Extensions;
			sourceTree = "<group>";
		};
		7DF7292D254E804E004F9CFC /* StoryBoard */ = {
			isa = PBXGroup;
			children = (
				7DA84D9F254D5F58008418CE /* LaunchScreen.storyboard */,
				7DA84D9A254D5F52008418CE /* Main.storyboard */,
			);
			path = StoryBoard;
			sourceTree = "<group>";
		};
		7DF7292E254E806F004F9CFC /* Model */ = {
			isa = PBXGroup;
			children = (
				7D2D2D84254D8E40006F100C /* Models.swift */,
			);
			path = Model;
			sourceTree = "<group>";
		};
/* End PBXGroup section */

/* Begin PBXNativeTarget section */
		7DA84D90254D5F52008418CE /* MyEnrollment */ = {
			isa = PBXNativeTarget;
			buildConfigurationList = 7DA84DA5254D5F58008418CE /* Build configuration list for PBXNativeTarget "MyEnrollment" */;
			buildPhases = (
				C7327A84976059BE8C4A6ED4 /* [CP] Check Pods Manifest.lock */,
				7DA84D8D254D5F52008418CE /* Sources */,
				7DA84D8E254D5F52008418CE /* Frameworks */,
				7DA84D8F254D5F52008418CE /* Resources */,
				F21CE903325F68DA552BDDB0 /* [CP] Embed Pods Frameworks */,
			);
			buildRules = (
			);
			dependencies = (
			);
			name = MyEnrollment;
			productName = MyEnrollment;
			productReference = 7DA84D91254D5F52008418CE /* MyEnrollment.app */;
			productType = "com.apple.product-type.application";
		};
/* End PBXNativeTarget section */

/* Begin PBXProject section */
		7DA84D89254D5F52008418CE /* Project object */ = {
			isa = PBXProject;
			attributes = {
				LastSwiftUpdateCheck = 1160;
				LastUpgradeCheck = 1160;
				ORGANIZATIONNAME = "POORAN SUTHAR";
				TargetAttributes = {
					7DA84D90254D5F52008418CE = {
						CreatedOnToolsVersion = 11.6;
					};
				};
			};
			buildConfigurationList = 7DA84D8C254D5F52008418CE /* Build configuration list for PBXProject "MyEnrollment" */;
			compatibilityVersion = "Xcode 9.3";
			developmentRegion = en;
			hasScannedForEncodings = 0;
			knownRegions = (
				en,
				Base,
			);
			mainGroup = 7DA84D88254D5F52008418CE;
			productRefGroup = 7DA84D92254D5F52008418CE /* Products */;
			projectDirPath = "";
			projectRoot = "";
			targets = (
				7DA84D90254D5F52008418CE /* MyEnrollment */,
			);
		};
/* End PBXProject section */

/* Begin PBXResourcesBuildPhase section */
		7DA84D8F254D5F52008418CE /* Resources */ = {
			isa = PBXResourcesBuildPhase;
			buildActionMask = 2147483647;
			files = (
				7DA84DA1254D5F58008418CE /* LaunchScreen.storyboard in Resources */,
				7D2D2D8B254DBE79006F100C /* GoogleService-Info.plist in Resources */,
				7DA84D9E254D5F57008418CE /* Assets.xcassets in Resources */,
				7DA84D9C254D5F52008418CE /* Main.storyboard in Resources */,
			);
			runOnlyForDeploymentPostprocessing = 0;
		};
/* End PBXResourcesBuildPhase section */

/* Begin PBXShellScriptBuildPhase section */
		C7327A84976059BE8C4A6ED4 /* [CP] Check Pods Manifest.lock */ = {
			isa = PBXShellScriptBuildPhase;
			buildActionMask = 2147483647;
			files = (
			);
			inputFileListPaths = (
			);
			inputPaths = (
				"${PODS_PODFILE_DIR_PATH}/Podfile.lock",
				"${PODS_ROOT}/Manifest.lock",
			);
			name = "[CP] Check Pods Manifest.lock";
			outputFileListPaths = (
			);
			outputPaths = (
				"$(DERIVED_FILE_DIR)/Pods-MyEnrollment-checkManifestLockResult.txt",
			);
			runOnlyForDeploymentPostprocessing = 0;
			shellPath = /bin/sh;
			shellScript = "diff \"${PODS_PODFILE_DIR_PATH}/Podfile.lock\" \"${PODS_ROOT}/Manifest.lock\" > /dev/null\nif [ $? != 0 ] ; then\n    # print error to STDERR\n    echo \"error: The sandbox is not in sync with the Podfile.lock. Run 'pod install' or update your CocoaPods installation.\" >&2\n    exit 1\nfi\n# This output is used by Xcode 'outputs' to avoid re-running this script phase.\necho \"SUCCESS\" > \"${SCRIPT_OUTPUT_FILE_0}\"\n";
			showEnvVarsInLog = 0;
		};
		F21CE903325F68DA552BDDB0 /* [CP] Embed Pods Frameworks */ = {
			isa = PBXShellScriptBuildPhase;
			buildActionMask = 2147483647;
			files = (
			);
			inputFileListPaths = (
				"${PODS_ROOT}/Target Support Files/Pods-MyEnrollment/Pods-MyEnrollment-frameworks-${CONFIGURATION}-input-files.xcfilelist",
			);
			name = "[CP] Embed Pods Frameworks";
			outputFileListPaths = (
				"${PODS_ROOT}/Target Support Files/Pods-MyEnrollment/Pods-MyEnrollment-frameworks-${CONFIGURATION}-output-files.xcfilelist",
			);
			runOnlyForDeploymentPostprocessing = 0;
			shellPath = /bin/sh;
			shellScript = "\"${PODS_ROOT}/Target Support Files/Pods-MyEnrollment/Pods-MyEnrollment-frameworks.sh\"\n";
			showEnvVarsInLog = 0;
		};
/* End PBXShellScriptBuildPhase section */

/* Begin PBXSourcesBuildPhase section */
		7DA84D8D254D5F52008418CE /* Sources */ = {
			isa = PBXSourcesBuildPhase;
			buildActionMask = 2147483647;
			files = (
				7DA84D99254D5F52008418CE /* ViewController.swift in Sources */,
				7D2D2D83254D8939006F100C /* UIViewExtension.swift in Sources */,
				7DA84DA9254D5FA4008418CE /* UsersViewController.swift in Sources */,
				7DA84DAB254D5FC8008418CE /* EnrollUserViewController.swift in Sources */,
				7DA84D95254D5F52008418CE /* AppDelegate.swift in Sources */,
				7DA84DAE254D613B008418CE /* UsersTableViewCell.swift in Sources */,
				7D2D2D85254D8E40006F100C /* Models.swift in Sources */,
				7DF7292B254E7F86004F9CFC /* UIColorExtension.swift in Sources */,
				7DA84D97254D5F52008418CE /* SceneDelegate.swift in Sources */,
				7D2D2D81254D854B006F100C /* AlertController.swift in Sources */,
			);
			runOnlyForDeploymentPostprocessing = 0;
		};
/* End PBXSourcesBuildPhase section */

/* Begin PBXVariantGroup section */
		7DA84D9A254D5F52008418CE /* Main.storyboard */ = {
			isa = PBXVariantGroup;
			children = (
				7DA84D9B254D5F52008418CE /* Base */,
			);
			name = Main.storyboard;
			sourceTree = "<group>";
		};
		7DA84D9F254D5F58008418CE /* LaunchScreen.storyboard */ = {
			isa = PBXVariantGroup;
			children = (
				7DA84DA0254D5F58008418CE /* Base */,
			);
			name = LaunchScreen.storyboard;
			sourceTree = "<group>";
		};
/* End PBXVariantGroup section */

/* Begin XCBuildConfiguration section */
		7DA84DA3254D5F58008418CE /* Debug */ = {
			isa = XCBuildConfiguration;
			buildSettings = {
				ALWAYS_SEARCH_USER_PATHS = NO;
				CLANG_ANALYZER_NONNULL = YES;
				CLANG_ANALYZER_NUMBER_OBJECT_CONVERSION = YES_AGGRESSIVE;
				CLANG_CXX_LANGUAGE_STANDARD = "gnu++14";
				CLANG_CXX_LIBRARY = "libc++";
				CLANG_ENABLE_MODULES = YES;
				CLANG_ENABLE_OBJC_ARC = YES;
				CLANG_ENABLE_OBJC_WEAK = YES;
				CLANG_WARN_BLOCK_CAPTURE_AUTORELEASING = YES;
				CLANG_WARN_BOOL_CONVERSION = YES;
				CLANG_WARN_COMMA = YES;
				CLANG_WARN_CONSTANT_CONVERSION = YES;
				CLANG_WARN_DEPRECATED_OBJC_IMPLEMENTATIONS = YES;
				CLANG_WARN_DIRECT_OBJC_ISA_USAGE = YES_ERROR;
				CLANG_WARN_DOCUMENTATION_COMMENTS = YES;
				CLANG_WARN_EMPTY_BODY = YES;
				CLANG_WARN_ENUM_CONVERSION = YES;
				CLANG_WARN_INFINITE_RECURSION = YES;
				CLANG_WARN_INT_CONVERSION = YES;
				CLANG_WARN_NON_LITERAL_NULL_CONVERSION = YES;
				CLANG_WARN_OBJC_IMPLICIT_RETAIN_SELF = YES;
				CLANG_WARN_OBJC_LITERAL_CONVERSION = YES;
				CLANG_WARN_OBJC_ROOT_CLASS = YES_ERROR;
				CLANG_WARN_RANGE_LOOP_ANALYSIS = YES;
				CLANG_WARN_STRICT_PROTOTYPES = YES;
				CLANG_WARN_SUSPICIOUS_MOVE = YES;
				CLANG_WARN_UNGUARDED_AVAILABILITY = YES_AGGRESSIVE;
				CLANG_WARN_UNREACHABLE_CODE = YES;
				CLANG_WARN__DUPLICATE_METHOD_MATCH = YES;
				COPY_PHASE_STRIP = NO;
				DEBUG_INFORMATION_FORMAT = dwarf;
				ENABLE_STRICT_OBJC_MSGSEND = YES;
				ENABLE_TESTABILITY = YES;
				GCC_C_LANGUAGE_STANDARD = gnu11;
				GCC_DYNAMIC_NO_PIC = NO;
				GCC_NO_COMMON_BLOCKS = YES;
				GCC_OPTIMIZATION_LEVEL = 0;
				GCC_PREPROCESSOR_DEFINITIONS = (
					"DEBUG=1",
					"$(inherited)",
				);
				GCC_WARN_64_TO_32_BIT_CONVERSION = YES;
				GCC_WARN_ABOUT_RETURN_TYPE = YES_ERROR;
				GCC_WARN_UNDECLARED_SELECTOR = YES;
				GCC_WARN_UNINITIALIZED_AUTOS = YES_AGGRESSIVE;
				GCC_WARN_UNUSED_FUNCTION = YES;
				GCC_WARN_UNUSED_VARIABLE = YES;
				IPHONEOS_DEPLOYMENT_TARGET = 13.6;
				MTL_ENABLE_DEBUG_INFO = INCLUDE_SOURCE;
				MTL_FAST_MATH = YES;
				ONLY_ACTIVE_ARCH = YES;
				SDKROOT = iphoneos;
				SWIFT_ACTIVE_COMPILATION_CONDITIONS = DEBUG;
				SWIFT_OPTIMIZATION_LEVEL = "-Onone";
			};
			name = Debug;
		};
		7DA84DA4254D5F58008418CE /* Release */ = {
			isa = XCBuildConfiguration;
			buildSettings = {
				ALWAYS_SEARCH_USER_PATHS = NO;
				CLANG_ANALYZER_NONNULL = YES;
				CLANG_ANALYZER_NUMBER_OBJECT_CONVERSION = YES_AGGRESSIVE;
				CLANG_CXX_LANGUAGE_STANDARD = "gnu++14";
				CLANG_CXX_LIBRARY = "libc++";
				CLANG_ENABLE_MODULES = YES;
				CLANG_ENABLE_OBJC_ARC = YES;
				CLANG_ENABLE_OBJC_WEAK = YES;
				CLANG_WARN_BLOCK_CAPTURE_AUTORELEASING = YES;
				CLANG_WARN_BOOL_CONVERSION = YES;
				CLANG_WARN_COMMA = YES;
				CLANG_WARN_CONSTANT_CONVERSION = YES;
				CLANG_WARN_DEPRECATED_OBJC_IMPLEMENTATIONS = YES;
				CLANG_WARN_DIRECT_OBJC_ISA_USAGE = YES_ERROR;
				CLANG_WARN_DOCUMENTATION_COMMENTS = YES;
				CLANG_WARN_EMPTY_BODY = YES;
				CLANG_WARN_ENUM_CONVERSION = YES;
				CLANG_WARN_INFINITE_RECURSION = YES;
				CLANG_WARN_INT_CONVERSION = YES;
				CLANG_WARN_NON_LITERAL_NULL_CONVERSION = YES;
				CLANG_WARN_OBJC_IMPLICIT_RETAIN_SELF = YES;
				CLANG_WARN_OBJC_LITERAL_CONVERSION = YES;
				CLANG_WARN_OBJC_ROOT_CLASS = YES_ERROR;
				CLANG_WARN_RANGE_LOOP_ANALYSIS = YES;
				CLANG_WARN_STRICT_PROTOTYPES = YES;
				CLANG_WARN_SUSPICIOUS_MOVE = YES;
				CLANG_WARN_UNGUARDED_AVAILABILITY = YES_AGGRESSIVE;
				CLANG_WARN_UNREACHABLE_CODE = YES;
				CLANG_WARN__DUPLICATE_METHOD_MATCH = YES;
				COPY_PHASE_STRIP = NO;
				DEBUG_INFORMATION_FORMAT = "dwarf-with-dsym";
				ENABLE_NS_ASSERTIONS = NO;
				ENABLE_STRICT_OBJC_MSGSEND = YES;
				GCC_C_LANGUAGE_STANDARD = gnu11;
				GCC_NO_COMMON_BLOCKS = YES;
				GCC_WARN_64_TO_32_BIT_CONVERSION = YES;
				GCC_WARN_ABOUT_RETURN_TYPE = YES_ERROR;
				GCC_WARN_UNDECLARED_SELECTOR = YES;
				GCC_WARN_UNINITIALIZED_AUTOS = YES_AGGRESSIVE;
				GCC_WARN_UNUSED_FUNCTION = YES;
				GCC_WARN_UNUSED_VARIABLE = YES;
				IPHONEOS_DEPLOYMENT_TARGET = 13.6;
				MTL_ENABLE_DEBUG_INFO = NO;
				MTL_FAST_MATH = YES;
				SDKROOT = iphoneos;
				SWIFT_COMPILATION_MODE = wholemodule;
				SWIFT_OPTIMIZATION_LEVEL = "-O";
				VALIDATE_PRODUCT = YES;
			};
			name = Release;
		};
		7DA84DA6254D5F58008418CE /* Debug */ = {
			isa = XCBuildConfiguration;
			baseConfigurationReference = 11A5F980D4C006A4457C582E /* Pods-MyEnrollment.debug.xcconfig */;
			buildSettings = {
				ASSETCATALOG_COMPILER_APPICON_NAME = AppIcon;
				CODE_SIGN_STYLE = Automatic;
				INFOPLIST_FILE = MyEnrollment/Info.plist;
				LD_RUNPATH_SEARCH_PATHS = (
					"$(inherited)",
					"@executable_path/Frameworks",
				);
				PRODUCT_BUNDLE_IDENTIFIER = myapp.MyEnrollment;
				PRODUCT_NAME = "$(TARGET_NAME)";
				SWIFT_VERSION = 5.0;
				TARGETED_DEVICE_FAMILY = "1,2";
			};
			name = Debug;
		};
		7DA84DA7254D5F58008418CE /* Release */ = {
			isa = XCBuildConfiguration;
			baseConfigurationReference = FDFC01C29DDD74060788E3D3 /* Pods-MyEnrollment.release.xcconfig */;
			buildSettings = {
				ASSETCATALOG_COMPILER_APPICON_NAME = AppIcon;
				CODE_SIGN_STYLE = Automatic;
				INFOPLIST_FILE = MyEnrollment/Info.plist;
				LD_RUNPATH_SEARCH_PATHS = (
					"$(inherited)",
					"@executable_path/Frameworks",
				);
				PRODUCT_BUNDLE_IDENTIFIER = myapp.MyEnrollment;
				PRODUCT_NAME = "$(TARGET_NAME)";
				SWIFT_VERSION = 5.0;
				TARGETED_DEVICE_FAMILY = "1,2";
			};
			name = Release;
		};
/* End XCBuildConfiguration section */

/* Begin XCConfigurationList section */
		7DA84D8C254D5F52008418CE /* Build configuration list for PBXProject "MyEnrollment" */ = {
			isa = XCConfigurationList;
			buildConfigurations = (
				7DA84DA3254D5F58008418CE /* Debug */,
				7DA84DA4254D5F58008418CE /* Release */,
			);
			defaultConfigurationIsVisible = 0;
			defaultConfigurationName = Release;
		};
		7DA84DA5254D5F58008418CE /* Build configuration list for PBXNativeTarget "MyEnrollment" */ = {
			isa = XCConfigurationList;
			buildConfigurations = (
				7DA84DA6254D5F58008418CE /* Debug */,
				7DA84DA7254D5F58008418CE /* Release */,
			);
			defaultConfigurationIsVisible = 0;
			defaultConfigurationName = Release;
		};
/* End XCConfigurationList section */
	};
	rootObject = 7DA84D89254D5F52008418CE /* Project object */;
}
